
Microsoft Visual Studio Solution File, Format Version 12.00
# Visual Studio Version 17
VisualStudioVersion = 17.14.36221.1 d17.14
MinimumVisualStudioVersion = 10.0.40219.1
Project("{FAE04EC0-301F-11D3-BF4B-00C04F79EFBC}") = "Todo.API", "Todo.API\Todo.API.csproj", "{1D76773E-6B7B-4427-91C2-2B29930441AD}"
EndProject
Project("{FAE04EC0-301F-11D3-BF4B-00C04F79EFBC}") = "Todo.Application", "Todo.Application\Todo.Application.csproj", "{185E1BF8-E4AA-4B93-809A-74D1965C6354}"
EndProject
Project("{FAE04EC0-301F-11D3-BF4B-00C04F79EFBC}") = "Todo.Infrastructure", "Todo.Infrastructure\Todo.Infrastructure.csproj", "{976EBFEB-AB79-4717-A7C9-906A0CA3455B}"
EndProject
Project("{FAE04EC0-301F-11D3-BF4B-00C04F79EFBC}") = "Todo.Domain", "Todo.Domain\Todo.Domain.csproj", "{C11557DC-3BCB-496E-938B-9DF4873FD6BE}"
EndProject
Global
	GlobalSection(SolutionConfigurationPlatforms) = preSolution
		Debug|Any CPU = Debug|Any CPU
		Release|Any CPU = Release|Any CPU
	EndGlobalSection
	GlobalSection(ProjectConfigurationPlatforms) = postSolution
		{1D76773E-6B7B-4427-91C2-2B29930441AD}.Debug|Any CPU.ActiveCfg = Debug|Any CPU
		{1D76773E-6B7B-4427-91C2-2B29930441AD}.Debug|Any CPU.Build.0 = Debug|Any CPU
		{1D76773E-6B7B-4427-91C2-2B29930441AD}.Release|Any CPU.ActiveCfg = Release|Any CPU
		{1D76773E-6B7B-4427-91C2-2B29930441AD}.Release|Any CPU.Build.0 = Release|Any CPU
		{185E1BF8-E4AA-4B93-809A-74D1965C6354}.Debug|Any CPU.ActiveCfg = Debug|Any CPU
		{185E1BF8-E4AA-4B93-809A-74D1965C6354}.Debug|Any CPU.Build.0 = Debug|Any CPU
		{185E1BF8-E4AA-4B93-809A-74D1965C6354}.Release|Any CPU.ActiveCfg = Release|Any CPU
		{185E1BF8-E4AA-4B93-809A-74D1965C6354}.Release|Any CPU.Build.0 = Release|Any CPU
		{976EBFEB-AB79-4717-A7C9-906A0CA3455B}.Debug|Any CPU.ActiveCfg = Debug|Any CPU
		{976EBFEB-AB79-4717-A7C9-906A0CA3455B}.Debug|Any CPU.Build.0 = Debug|Any CPU
		{976EBFEB-AB79-4717-A7C9-906A0CA3455B}.Release|Any CPU.ActiveCfg = Release|Any CPU
		{976EBFEB-AB79-4717-A7C9-906A0CA3455B}.Release|Any CPU.Build.0 = Release|Any CPU
		{C11557DC-3BCB-496E-938B-9DF4873FD6BE}.Debug|Any CPU.ActiveCfg = Debug|Any CPU
		{C11557DC-3BCB-496E-938B-9DF4873FD6BE}.Debug|Any CPU.Build.0 = Debug|Any CPU
		{C11557DC-3BCB-496E-938B-9DF4873FD6BE}.Release|Any CPU.ActiveCfg = Release|Any CPU
		{C11557DC-3BCB-496E-938B-9DF4873FD6BE}.Release|Any CPU.Build.0 = Release|Any CPU
	EndGlobalSection
	GlobalSection(SolutionProperties) = preSolution
		HideSolutionNode = FALSE
	EndGlobalSection
	GlobalSection(ExtensibilityGlobals) = postSolution
		SolutionGuid = {B32E544C-714C-42BE-986D-F2141576568B}
	EndGlobalSection
EndGlobal
